{
  "object": {
    "pins": [
      {
        "package": "EnumKit",
        "repositoryURL": "https://github.com/gringoireDM/EnumKit.git",
        "state": {
          "branch": null,
          "revision": "49c1bfd1e39bb40d123be6061d7f72c270a86c70",
          "version": "1.0.0"
        }
      },
      {
        "package": "RxSwift",
        "repositoryURL": "https://github.com/ReactiveX/RxSwift.git",
        "state": {
          "branch": null,
          "revision": "b3e888b4972d9bc76495dd74d30a8c7fad4b9395",
          "version": "5.0.1"
        }
      }
    ]
  },
  "version": 1
}
