PODS:
  - EnumKit (1.1.3)
  - RxCocoa (6.0.0):
    - RxRelay (= 6.0.0)
    - RxSwift (= 6.0.0)
  - RxRelay (6.0.0):
    - RxSwift (= 6.0.0)
  - RxSwift (6.0.0)
  - RxTest (6.0.0):
    - RxSwift (= 6.0.0)

DEPENDENCIES:
  - EnumKit
  - RxCocoa (~> 6.0)
  - RxTest (~> 6.0.0)

SPEC REPOS:
  trunk:
    - EnumKit
    - RxCocoa
    - RxRelay
    - RxSwift
    - RxTest

SPEC CHECKSUMS:
  EnumKit: 9f25cf60cb53b029a2c396813f155877d9764a8f
  RxCocoa: 3f79328fafa3645b34600f37c31e64c73ae3a80e
  RxRelay: 8d593be109c06ea850df027351beba614b012ffb
  RxSwift: c14e798c59b9f6e9a2df8fd235602e85cc044295
  RxTest: ddef4052e63cb116f5b73510488c3113c37c62e5

PODFILE CHECKSUM: 912d39b1daa8c07a921d82a18d3061460c77fdf3

COCOAPODS: 1.10.0
