PODS:
  - EnumKit (1.0.0)
  - RxCocoa (5.0.0):
    - RxRelay (~> 5)
    - RxSwift (~> 5)
  - RxRelay (5.0.0):
    - RxSwift (~> 5)
  - RxSwift (5.0.0)
  - RxTest (5.0.0):
    - RxSwift (~> 5)

DEPENDENCIES:
  - EnumKit
  - RxCocoa (~> 5.0.0)
  - RxTest (~> 5.0.0)

SPEC REPOS:
  https://github.com/cocoapods/specs.git:
    - EnumKit
    - RxCocoa
    - RxRelay
    - RxSwift
    - RxTest

SPEC CHECKSUMS:
  EnumKit: 8ee9561b3a7d2696d2e5aa37d5b9eba5f7139783
  RxCocoa: fcf32050ac00d801f34a7f71d5e8e7f23026dcd8
  RxRelay: 4f7409406a51a55cd88483f21ed898c234d60f18
  RxSwift: 8b0671caa829a763bbce7271095859121cbd895f
  RxTest: 4349afe98f564e0a9bc19063368904622d17d49a

PODFILE CHECKSUM: d1bdaf6ffdc0ea306091b73aa8d24567501f404f

COCOAPODS: 1.6.1
